
Microsoft Visual Studio Solution File, Format Version 12.00
# Visual Studio 15
VisualStudioVersion = 15.0.28307.102
MinimumVisualStudioVersion = 10.0.40219.1
Project("{FAE04EC0-301F-11D3-BF4B-00C04F79EFBC}") = "Lab8_BinaryTree", "Lab8_BinaryTree\Lab8_BinaryTree.csproj", "{9330BA83-7347-4E61-B9C4-FE5FFC2DEE64}"
EndProject
Global
	GlobalSection(SolutionConfigurationPlatforms) = preSolution
		Debug|Any CPU = Debug|Any CPU
		Release|Any CPU = Release|Any CPU
	EndGlobalSection
	GlobalSection(ProjectConfigurationPlatforms) = postSolution
		{9330BA83-7347-4E61-B9C4-FE5FFC2DEE64}.Debug|Any CPU.ActiveCfg = Debug|Any CPU
		{9330BA83-7347-4E61-B9C4-FE5FFC2DEE64}.Debug|Any CPU.Build.0 = Debug|Any CPU
		{9330BA83-7347-4E61-B9C4-FE5FFC2DEE64}.Release|Any CPU.ActiveCfg = Release|Any CPU
		{9330BA83-7347-4E61-B9C4-FE5FFC2DEE64}.Release|Any CPU.Build.0 = Release|Any CPU
	EndGlobalSection
	GlobalSection(SolutionProperties) = preSolution
		HideSolutionNode = FALSE
	EndGlobalSection
	GlobalSection(ExtensibilityGlobals) = postSolution
		SolutionGuid = {9F3E21DA-802B-44CF-9E12-85A43D338E3F}
	EndGlobalSection
EndGlobal
